
Microsoft Visual Studio Solution File, Format Version 12.00
# Visual Studio Version 17
VisualStudioVersion = 17.0.31815.197
MinimumVisualStudioVersion = 10.0.40219.1
Project("{2150E333-8FDC-42A3-9474-1A3956D46DE8}") = "src", "src", "{63DD948D-8B76-4906-A52E-53D775ED3318}"
EndProject
Project("{2150E333-8FDC-42A3-9474-1A3956D46DE8}") = "tests", "tests", "{ACE64182-95AF-4369-A084-40C6D8A58E1E}"
EndProject
Project("{9A19103F-16F7-4668-BE54-9A1E7A4F7556}") = "DevBetter.JsonExtensions", "src\DevBetter.JsonExtensions\DevBetter.JsonExtensions.csproj", "{EB89D6E9-EB8A-4BBC-93D2-1DF2B43BC553}"
EndProject
Project("{FAE04EC0-301F-11D3-BF4B-00C04F79EFBC}") = "DevBetter.JsonExtensions.Tests", "tests\DevBetter.JsonExtensions.Tests\DevBetter.JsonExtensions.Tests.csproj", "{3FB496BC-65CC-49BA-9C93-1D7E1CFFB794}"
EndProject
Global
	GlobalSection(SolutionConfigurationPlatforms) = preSolution
		Debug|Any CPU = Debug|Any CPU
		Release|Any CPU = Release|Any CPU
	EndGlobalSection
	GlobalSection(ProjectConfigurationPlatforms) = postSolution
		{EB89D6E9-EB8A-4BBC-93D2-1DF2B43BC553}.Debug|Any CPU.ActiveCfg = Debug|Any CPU
		{EB89D6E9-EB8A-4BBC-93D2-1DF2B43BC553}.Debug|Any CPU.Build.0 = Debug|Any CPU
		{EB89D6E9-EB8A-4BBC-93D2-1DF2B43BC553}.Release|Any CPU.ActiveCfg = Release|Any CPU
		{EB89D6E9-EB8A-4BBC-93D2-1DF2B43BC553}.Release|Any CPU.Build.0 = Release|Any CPU
		{3FB496BC-65CC-49BA-9C93-1D7E1CFFB794}.Debug|Any CPU.ActiveCfg = Debug|Any CPU
		{3FB496BC-65CC-49BA-9C93-1D7E1CFFB794}.Debug|Any CPU.Build.0 = Debug|Any CPU
		{3FB496BC-65CC-49BA-9C93-1D7E1CFFB794}.Release|Any CPU.ActiveCfg = Release|Any CPU
		{3FB496BC-65CC-49BA-9C93-1D7E1CFFB794}.Release|Any CPU.Build.0 = Release|Any CPU
	EndGlobalSection
	GlobalSection(SolutionProperties) = preSolution
		HideSolutionNode = FALSE
	EndGlobalSection
	GlobalSection(NestedProjects) = preSolution
		{EB89D6E9-EB8A-4BBC-93D2-1DF2B43BC553} = {63DD948D-8B76-4906-A52E-53D775ED3318}
		{3FB496BC-65CC-49BA-9C93-1D7E1CFFB794} = {ACE64182-95AF-4369-A084-40C6D8A58E1E}
	EndGlobalSection
	GlobalSection(ExtensibilityGlobals) = postSolution
		SolutionGuid = {DE7D1425-B3D3-47C5-8878-C01E1EECCA30}
	EndGlobalSection
EndGlobal
